// !$*UTF8*$!
{
	archiveVersion = 1;
	classes = {
	};
	objectVersion = 46;
	objects = {

/* Begin PBXBuildFile section */
		182B3B1C1E5EB05200F57E43 /* MBProgressHUD.m in Sources */ = {isa = PBXBuildFile; fileRef = 182B3AEC1E5EB05200F57E43 /* MBProgressHUD.m */; };
		182B3B1D1E5EB05200F57E43 /* FLAnimatedImageView+WebCache.m in Sources */ = {isa = PBXBuildFile; fileRef = 182B3AF01E5EB05200F57E43 /* FLAnimatedImageView+WebCache.m */; };
		182B3B1E1E5EB05200F57E43 /* MKAnnotationView+WebCache.m in Sources */ = {isa = PBXBuildFile; fileRef = 182B3AF21E5EB05200F57E43 /* MKAnnotationView+WebCache.m */; };
		182B3B1F1E5EB05200F57E43 /* NSData+ImageContentType.m in Sources */ = {isa = PBXBuildFile; fileRef = 182B3AF41E5EB05200F57E43 /* NSData+ImageContentType.m */; };
		182B3B201E5EB05200F57E43 /* NSImage+WebCache.m in Sources */ = {isa = PBXBuildFile; fileRef = 182B3AF61E5EB05200F57E43 /* NSImage+WebCache.m */; };
		182B3B211E5EB05200F57E43 /* SDImageCache.m in Sources */ = {isa = PBXBuildFile; fileRef = 182B3AF81E5EB05200F57E43 /* SDImageCache.m */; };
		182B3B221E5EB05200F57E43 /* SDImageCacheConfig.m in Sources */ = {isa = PBXBuildFile; fileRef = 182B3AFA1E5EB05200F57E43 /* SDImageCacheConfig.m */; };
		182B3B231E5EB05200F57E43 /* SDWebImageCompat.m in Sources */ = {isa = PBXBuildFile; fileRef = 182B3AFC1E5EB05200F57E43 /* SDWebImageCompat.m */; };
		182B3B241E5EB05200F57E43 /* SDWebImageDecoder.m in Sources */ = {isa = PBXBuildFile; fileRef = 182B3AFE1E5EB05200F57E43 /* SDWebImageDecoder.m */; };
		182B3B251E5EB05200F57E43 /* SDWebImageDownloader.m in Sources */ = {isa = PBXBuildFile; fileRef = 182B3B001E5EB05200F57E43 /* SDWebImageDownloader.m */; };
		182B3B261E5EB05200F57E43 /* SDWebImageDownloaderOperation.m in Sources */ = {isa = PBXBuildFile; fileRef = 182B3B021E5EB05200F57E43 /* SDWebImageDownloaderOperation.m */; };
		182B3B271E5EB05200F57E43 /* SDWebImageManager.m in Sources */ = {isa = PBXBuildFile; fileRef = 182B3B041E5EB05200F57E43 /* SDWebImageManager.m */; };
		182B3B281E5EB05200F57E43 /* SDWebImagePrefetcher.m in Sources */ = {isa = PBXBuildFile; fileRef = 182B3B071E5EB05200F57E43 /* SDWebImagePrefetcher.m */; };
		182B3B291E5EB05200F57E43 /* UIButton+WebCache.m in Sources */ = {isa = PBXBuildFile; fileRef = 182B3B091E5EB05200F57E43 /* UIButton+WebCache.m */; };
		182B3B2A1E5EB05200F57E43 /* UIImage+GIF.m in Sources */ = {isa = PBXBuildFile; fileRef = 182B3B0B1E5EB05200F57E43 /* UIImage+GIF.m */; };
		182B3B2B1E5EB05200F57E43 /* UIImage+MultiFormat.m in Sources */ = {isa = PBXBuildFile; fileRef = 182B3B0D1E5EB05200F57E43 /* UIImage+MultiFormat.m */; };
		182B3B2C1E5EB05200F57E43 /* UIImage+WebP.m in Sources */ = {isa = PBXBuildFile; fileRef = 182B3B0F1E5EB05200F57E43 /* UIImage+WebP.m */; };
		182B3B2D1E5EB05200F57E43 /* UIImageView+HighlightedWebCache.m in Sources */ = {isa = PBXBuildFile; fileRef = 182B3B111E5EB05200F57E43 /* UIImageView+HighlightedWebCache.m */; };
		182B3B2E1E5EB05200F57E43 /* UIImageView+WebCache.m in Sources */ = {isa = PBXBuildFile; fileRef = 182B3B131E5EB05200F57E43 /* UIImageView+WebCache.m */; };
		182B3B2F1E5EB05200F57E43 /* UIView+WebCache.m in Sources */ = {isa = PBXBuildFile; fileRef = 182B3B151E5EB05200F57E43 /* UIView+WebCache.m */; };
		182B3B301E5EB05200F57E43 /* UIView+WebCacheOperation.m in Sources */ = {isa = PBXBuildFile; fileRef = 182B3B171E5EB05200F57E43 /* UIView+WebCacheOperation.m */; };
		182B3B351E5EB09200F57E43 /* ShowNetImagesDemoVC.m in Sources */ = {isa = PBXBuildFile; fileRef = 182B3B341E5EB09200F57E43 /* ShowNetImagesDemoVC.m */; };
		182B3B381E5EB0A200F57E43 /* ShowLocalImagesDemoVC.m in Sources */ = {isa = PBXBuildFile; fileRef = 182B3B371E5EB0A200F57E43 /* ShowLocalImagesDemoVC.m */; };
		182B3B491E5EB7B400F57E43 /* Checkmark@2x.png in Resources */ = {isa = PBXBuildFile; fileRef = 182B3B3A1E5EB7B400F57E43 /* Checkmark@2x.png */; };
		182B3B4A1E5EB7B400F57E43 /* PlaceHolder.png in Resources */ = {isa = PBXBuildFile; fileRef = 182B3B3B1E5EB7B400F57E43 /* PlaceHolder.png */; };
		182B3B4B1E5EB7B400F57E43 /* 1.png in Resources */ = {isa = PBXBuildFile; fileRef = 182B3B3D1E5EB7B400F57E43 /* 1.png */; };
		182B3B4C1E5EB7B400F57E43 /* 10.png in Resources */ = {isa = PBXBuildFile; fileRef = 182B3B3E1E5EB7B400F57E43 /* 10.png */; };
		182B3B4D1E5EB7B400F57E43 /* 11.png in Resources */ = {isa = PBXBuildFile; fileRef = 182B3B3F1E5EB7B400F57E43 /* 11.png */; };
		182B3B4E1E5EB7B400F57E43 /* 12.png in Resources */ = {isa = PBXBuildFile; fileRef = 182B3B401E5EB7B400F57E43 /* 12.png */; };
		182B3B4F1E5EB7B400F57E43 /* 2.png in Resources */ = {isa = PBXBuildFile; fileRef = 182B3B411E5EB7B400F57E43 /* 2.png */; };
		182B3B501E5EB7B400F57E43 /* 3.png in Resources */ = {isa = PBXBuildFile; fileRef = 182B3B421E5EB7B400F57E43 /* 3.png */; };
		182B3B511E5EB7B400F57E43 /* 4.png in Resources */ = {isa = PBXBuildFile; fileRef = 182B3B431E5EB7B400F57E43 /* 4.png */; };
		182B3B521E5EB7B400F57E43 /* 5.png in Resources */ = {isa = PBXBuildFile; fileRef = 182B3B441E5EB7B400F57E43 /* 5.png */; };
		182B3B531E5EB7B400F57E43 /* 6.png in Resources */ = {isa = PBXBuildFile; fileRef = 182B3B451E5EB7B400F57E43 /* 6.png */; };
		182B3B541E5EB7B400F57E43 /* 7.png in Resources */ = {isa = PBXBuildFile; fileRef = 182B3B461E5EB7B400F57E43 /* 7.png */; };
		182B3B551E5EB7B400F57E43 /* 8.png in Resources */ = {isa = PBXBuildFile; fileRef = 182B3B471E5EB7B400F57E43 /* 8.png */; };
		182B3B561E5EB7B400F57E43 /* 9.png in Resources */ = {isa = PBXBuildFile; fileRef = 182B3B481E5EB7B400F57E43 /* 9.png */; };
		1857DC511E56F800007290C4 /* main.m in Sources */ = {isa = PBXBuildFile; fileRef = 1857DC501E56F800007290C4 /* main.m */; };
		1857DC541E56F800007290C4 /* AppDelegate.m in Sources */ = {isa = PBXBuildFile; fileRef = 1857DC531E56F800007290C4 /* AppDelegate.m */; };
		1857DC571E56F800007290C4 /* ViewController.m in Sources */ = {isa = PBXBuildFile; fileRef = 1857DC561E56F800007290C4 /* ViewController.m */; };
		1857DC5A1E56F800007290C4 /* Main.storyboard in Resources */ = {isa = PBXBuildFile; fileRef = 1857DC581E56F800007290C4 /* Main.storyboard */; };
		1857DC5C1E56F800007290C4 /* Assets.xcassets in Resources */ = {isa = PBXBuildFile; fileRef = 1857DC5B1E56F800007290C4 /* Assets.xcassets */; };
		1857DC5F1E56F800007290C4 /* LaunchScreen.storyboard in Resources */ = {isa = PBXBuildFile; fileRef = 1857DC5D1E56F800007290C4 /* LaunchScreen.storyboard */; };
		1857DC691E56F89E007290C4 /* XLImageViewer.m in Sources */ = {isa = PBXBuildFile; fileRef = 1857DC681E56F89E007290C4 /* XLImageViewer.m */; };
		1857DC6C1E56F95B007290C4 /* XLImageContainer.m in Sources */ = {isa = PBXBuildFile; fileRef = 1857DC6B1E56F95B007290C4 /* XLImageContainer.m */; };
		188B4F3C1E5C384200DF4D93 /* ImageCell.m in Sources */ = {isa = PBXBuildFile; fileRef = 188B4F3B1E5C384200DF4D93 /* ImageCell.m */; };
/* End PBXBuildFile section */

/* Begin PBXFileReference section */
		182B3AEB1E5EB05200F57E43 /* MBProgressHUD.h */ = {isa = PBXFileReference; fileEncoding = 4; lastKnownFileType = sourcecode.c.h; path = MBProgressHUD.h; sourceTree = "<group>"; };
		182B3AEC1E5EB05200F57E43 /* MBProgressHUD.m */ = {isa = PBXFileReference; fileEncoding = 4; lastKnownFileType = sourcecode.c.objc; path = MBProgressHUD.m; sourceTree = "<group>"; };
		182B3AEF1E5EB05200F57E43 /* FLAnimatedImageView+WebCache.h */ = {isa = PBXFileReference; fileEncoding = 4; lastKnownFileType = sourcecode.c.h; path = "FLAnimatedImageView+WebCache.h"; sourceTree = "<group>"; };
		182B3AF01E5EB05200F57E43 /* FLAnimatedImageView+WebCache.m */ = {isa = PBXFileReference; fileEncoding = 4; lastKnownFileType = sourcecode.c.objc; path = "FLAnimatedImageView+WebCache.m"; sourceTree = "<group>"; };
		182B3AF11E5EB05200F57E43 /* MKAnnotationView+WebCache.h */ = {isa = PBXFileReference; fileEncoding = 4; lastKnownFileType = sourcecode.c.h; path = "MKAnnotationView+WebCache.h"; sourceTree = "<group>"; };
		182B3AF21E5EB05200F57E43 /* MKAnnotationView+WebCache.m */ = {isa = PBXFileReference; fileEncoding = 4; lastKnownFileType = sourcecode.c.objc; path = "MKAnnotationView+WebCache.m"; sourceTree = "<group>"; };
		182B3AF31E5EB05200F57E43 /* NSData+ImageContentType.h */ = {isa = PBXFileReference; fileEncoding = 4; lastKnownFileType = sourcecode.c.h; path = "NSData+ImageContentType.h"; sourceTree = "<group>"; };
		182B3AF41E5EB05200F57E43 /* NSData+ImageContentType.m */ = {isa = PBXFileReference; fileEncoding = 4; lastKnownFileType = sourcecode.c.objc; path = "NSData+ImageContentType.m"; sourceTree = "<group>"; };
		182B3AF51E5EB05200F57E43 /* NSImage+WebCache.h */ = {isa = PBXFileReference; fileEncoding = 4; lastKnownFileType = sourcecode.c.h; path = "NSImage+WebCache.h"; sourceTree = "<group>"; };
		182B3AF61E5EB05200F57E43 /* NSImage+WebCache.m */ = {isa = PBXFileReference; fileEncoding = 4; lastKnownFileType = sourcecode.c.objc; path = "NSImage+WebCache.m"; sourceTree = "<group>"; };
		182B3AF71E5EB05200F57E43 /* SDImageCache.h */ = {isa = PBXFileReference; fileEncoding = 4; lastKnownFileType = sourcecode.c.h; path = SDImageCache.h; sourceTree = "<group>"; };
		182B3AF81E5EB05200F57E43 /* SDImageCache.m */ = {isa = PBXFileReference; fileEncoding = 4; lastKnownFileType = sourcecode.c.objc; path = SDImageCache.m; sourceTree = "<group>"; };
		182B3AF91E5EB05200F57E43 /* SDImageCacheConfig.h */ = {isa = PBXFileReference; fileEncoding = 4; lastKnownFileType = sourcecode.c.h; path = SDImageCacheConfig.h; sourceTree = "<group>"; };
		182B3AFA1E5EB05200F57E43 /* SDImageCacheConfig.m */ = {isa = PBXFileReference; fileEncoding = 4; lastKnownFileType = sourcecode.c.objc; path = SDImageCacheConfig.m; sourceTree = "<group>"; };
		182B3AFB1E5EB05200F57E43 /* SDWebImageCompat.h */ = {isa = PBXFileReference; fileEncoding = 4; lastKnownFileType = sourcecode.c.h; path = SDWebImageCompat.h; sourceTree = "<group>"; };
		182B3AFC1E5EB05200F57E43 /* SDWebImageCompat.m */ = {isa = PBXFileReference; fileEncoding = 4; lastKnownFileType = sourcecode.c.objc; path = SDWebImageCompat.m; sourceTree = "<group>"; };
		182B3AFD1E5EB05200F57E43 /* SDWebImageDecoder.h */ = {isa = PBXFileReference; fileEncoding = 4; lastKnownFileType = sourcecode.c.h; path = SDWebImageDecoder.h; sourceTree = "<group>"; };
		182B3AFE1E5EB05200F57E43 /* SDWebImageDecoder.m */ = {isa = PBXFileReference; fileEncoding = 4; lastKnownFileType = sourcecode.c.objc; path = SDWebImageDecoder.m; sourceTree = "<group>"; };
		182B3AFF1E5EB05200F57E43 /* SDWebImageDownloader.h */ = {isa = PBXFileReference; fileEncoding = 4; lastKnownFileType = sourcecode.c.h; path = SDWebImageDownloader.h; sourceTree = "<group>"; };
		182B3B001E5EB05200F57E43 /* SDWebImageDownloader.m */ = {isa = PBXFileReference; fileEncoding = 4; lastKnownFileType = sourcecode.c.objc; path = SDWebImageDownloader.m; sourceTree = "<group>"; };
		182B3B011E5EB05200F57E43 /* SDWebImageDownloaderOperation.h */ = {isa = PBXFileReference; fileEncoding = 4; lastKnownFileType = sourcecode.c.h; path = SDWebImageDownloaderOperation.h; sourceTree = "<group>"; };
		182B3B021E5EB05200F57E43 /* SDWebImageDownloaderOperation.m */ = {isa = PBXFileReference; fileEncoding = 4; lastKnownFileType = sourcecode.c.objc; path = SDWebImageDownloaderOperation.m; sourceTree = "<group>"; };
		182B3B031E5EB05200F57E43 /* SDWebImageManager.h */ = {isa = PBXFileReference; fileEncoding = 4; lastKnownFileType = sourcecode.c.h; path = SDWebImageManager.h; sourceTree = "<group>"; };
		182B3B041E5EB05200F57E43 /* SDWebImageManager.m */ = {isa = PBXFileReference; fileEncoding = 4; lastKnownFileType = sourcecode.c.objc; path = SDWebImageManager.m; sourceTree = "<group>"; };
		182B3B051E5EB05200F57E43 /* SDWebImageOperation.h */ = {isa = PBXFileReference; fileEncoding = 4; lastKnownFileType = sourcecode.c.h; path = SDWebImageOperation.h; sourceTree = "<group>"; };
		182B3B061E5EB05200F57E43 /* SDWebImagePrefetcher.h */ = {isa = PBXFileReference; fileEncoding = 4; lastKnownFileType = sourcecode.c.h; path = SDWebImagePrefetcher.h; sourceTree = "<group>"; };
		182B3B071E5EB05200F57E43 /* SDWebImagePrefetcher.m */ = {isa = PBXFileReference; fileEncoding = 4; lastKnownFileType = sourcecode.c.objc; path = SDWebImagePrefetcher.m; sourceTree = "<group>"; };
		182B3B081E5EB05200F57E43 /* UIButton+WebCache.h */ = {isa = PBXFileReference; fileEncoding = 4; lastKnownFileType = sourcecode.c.h; path = "UIButton+WebCache.h"; sourceTree = "<group>"; };
		182B3B091E5EB05200F57E43 /* UIButton+WebCache.m */ = {isa = PBXFileReference; fileEncoding = 4; lastKnownFileType = sourcecode.c.objc; path = "UIButton+WebCache.m"; sourceTree = "<group>"; };
		182B3B0A1E5EB05200F57E43 /* UIImage+GIF.h */ = {isa = PBXFileReference; fileEncoding = 4; lastKnownFileType = sourcecode.c.h; path = "UIImage+GIF.h"; sourceTree = "<group>"; };
		182B3B0B1E5EB05200F57E43 /* UIImage+GIF.m */ = {isa = PBXFileReference; fileEncoding = 4; lastKnownFileType = sourcecode.c.objc; path = "UIImage+GIF.m"; sourceTree = "<group>"; };
		182B3B0C1E5EB05200F57E43 /* UIImage+MultiFormat.h */ = {isa = PBXFileReference; fileEncoding = 4; lastKnownFileType = sourcecode.c.h; path = "UIImage+MultiFormat.h"; sourceTree = "<group>"; };
		182B3B0D1E5EB05200F57E43 /* UIImage+MultiFormat.m */ = {isa = PBXFileReference; fileEncoding = 4; lastKnownFileType = sourcecode.c.objc; path = "UIImage+MultiFormat.m"; sourceTree = "<group>"; };
		182B3B0E1E5EB05200F57E43 /* UIImage+WebP.h */ = {isa = PBXFileReference; fileEncoding = 4; lastKnownFileType = sourcecode.c.h; path = "UIImage+WebP.h"; sourceTree = "<group>"; };
		182B3B0F1E5EB05200F57E43 /* UIImage+WebP.m */ = {isa = PBXFileReference; fileEncoding = 4; lastKnownFileType = sourcecode.c.objc; path = "UIImage+WebP.m"; sourceTree = "<group>"; };
		182B3B101E5EB05200F57E43 /* UIImageView+HighlightedWebCache.h */ = {isa = PBXFileReference; fileEncoding = 4; lastKnownFileType = sourcecode.c.h; path = "UIImageView+HighlightedWebCache.h"; sourceTree = "<group>"; };
		182B3B111E5EB05200F57E43 /* UIImageView+HighlightedWebCache.m */ = {isa = PBXFileReference; fileEncoding = 4; lastKnownFileType = sourcecode.c.objc; path = "UIImageView+HighlightedWebCache.m"; sourceTree = "<group>"; };
		182B3B121E5EB05200F57E43 /* UIImageView+WebCache.h */ = {isa = PBXFileReference; fileEncoding = 4; lastKnownFileType = sourcecode.c.h; path = "UIImageView+WebCache.h"; sourceTree = "<group>"; };
		182B3B131E5EB05200F57E43 /* UIImageView+WebCache.m */ = {isa = PBXFileReference; fileEncoding = 4; lastKnownFileType = sourcecode.c.objc; path = "UIImageView+WebCache.m"; sourceTree = "<group>"; };
		182B3B141E5EB05200F57E43 /* UIView+WebCache.h */ = {isa = PBXFileReference; fileEncoding = 4; lastKnownFileType = sourcecode.c.h; path = "UIView+WebCache.h"; sourceTree = "<group>"; };
		182B3B151E5EB05200F57E43 /* UIView+WebCache.m */ = {isa = PBXFileReference; fileEncoding = 4; lastKnownFileType = sourcecode.c.objc; path = "UIView+WebCache.m"; sourceTree = "<group>"; };
		182B3B161E5EB05200F57E43 /* UIView+WebCacheOperation.h */ = {isa = PBXFileReference; fileEncoding = 4; lastKnownFileType = sourcecode.c.h; path = "UIView+WebCacheOperation.h"; sourceTree = "<group>"; };
		182B3B171E5EB05200F57E43 /* UIView+WebCacheOperation.m */ = {isa = PBXFileReference; fileEncoding = 4; lastKnownFileType = sourcecode.c.objc; path = "UIView+WebCacheOperation.m"; sourceTree = "<group>"; };
		182B3B331E5EB09200F57E43 /* ShowNetImagesDemoVC.h */ = {isa = PBXFileReference; fileEncoding = 4; lastKnownFileType = sourcecode.c.h; path = ShowNetImagesDemoVC.h; sourceTree = "<group>"; };
		182B3B341E5EB09200F57E43 /* ShowNetImagesDemoVC.m */ = {isa = PBXFileReference; fileEncoding = 4; lastKnownFileType = sourcecode.c.objc; path = ShowNetImagesDemoVC.m; sourceTree = "<group>"; };
		182B3B361E5EB0A200F57E43 /* ShowLocalImagesDemoVC.h */ = {isa = PBXFileReference; fileEncoding = 4; lastKnownFileType = sourcecode.c.h; path = ShowLocalImagesDemoVC.h; sourceTree = "<group>"; };
		182B3B371E5EB0A200F57E43 /* ShowLocalImagesDemoVC.m */ = {isa = PBXFileReference; fileEncoding = 4; lastKnownFileType = sourcecode.c.objc; path = ShowLocalImagesDemoVC.m; sourceTree = "<group>"; };
		182B3B3A1E5EB7B400F57E43 /* Checkmark@2x.png */ = {isa = PBXFileReference; lastKnownFileType = image.png; path = "Checkmark@2x.png"; sourceTree = "<group>"; };
		182B3B3B1E5EB7B400F57E43 /* PlaceHolder.png */ = {isa = PBXFileReference; lastKnownFileType = image.png; path = PlaceHolder.png; sourceTree = "<group>"; };
		182B3B3D1E5EB7B400F57E43 /* 1.png */ = {isa = PBXFileReference; lastKnownFileType = image.png; path = 1.png; sourceTree = "<group>"; };
		182B3B3E1E5EB7B400F57E43 /* 10.png */ = {isa = PBXFileReference; lastKnownFileType = image.png; path = 10.png; sourceTree = "<group>"; };
		182B3B3F1E5EB7B400F57E43 /* 11.png */ = {isa = PBXFileReference; lastKnownFileType = image.png; path = 11.png; sourceTree = "<group>"; };
		182B3B401E5EB7B400F57E43 /* 12.png */ = {isa = PBXFileReference; lastKnownFileType = image.png; path = 12.png; sourceTree = "<group>"; };
		182B3B411E5EB7B400F57E43 /* 2.png */ = {isa = PBXFileReference; lastKnownFileType = image.png; path = 2.png; sourceTree = "<group>"; };
		182B3B421E5EB7B400F57E43 /* 3.png */ = {isa = PBXFileReference; lastKnownFileType = image.png; path = 3.png; sourceTree = "<group>"; };
		182B3B431E5EB7B400F57E43 /* 4.png */ = {isa = PBXFileReference; lastKnownFileType = image.png; path = 4.png; sourceTree = "<group>"; };
		182B3B441E5EB7B400F57E43 /* 5.png */ = {isa = PBXFileReference; lastKnownFileType = image.png; path = 5.png; sourceTree = "<group>"; };
		182B3B451E5EB7B400F57E43 /* 6.png */ = {isa = PBXFileReference; lastKnownFileType = image.png; path = 6.png; sourceTree = "<group>"; };
		182B3B461E5EB7B400F57E43 /* 7.png */ = {isa = PBXFileReference; lastKnownFileType = image.png; path = 7.png; sourceTree = "<group>"; };
		182B3B471E5EB7B400F57E43 /* 8.png */ = {isa = PBXFileReference; lastKnownFileType = image.png; path = 8.png; sourceTree = "<group>"; };
		182B3B481E5EB7B400F57E43 /* 9.png */ = {isa = PBXFileReference; lastKnownFileType = image.png; path = 9.png; sourceTree = "<group>"; };
		1857DC4C1E56F800007290C4 /* XLImageViewerDemo.app */ = {isa = PBXFileReference; explicitFileType = wrapper.application; includeInIndex = 0; path = XLImageViewerDemo.app; sourceTree = BUILT_PRODUCTS_DIR; };
		1857DC501E56F800007290C4 /* main.m */ = {isa = PBXFileReference; lastKnownFileType = sourcecode.c.objc; path = main.m; sourceTree = "<group>"; };
		1857DC521E56F800007290C4 /* AppDelegate.h */ = {isa = PBXFileReference; lastKnownFileType = sourcecode.c.h; path = AppDelegate.h; sourceTree = "<group>"; };
		1857DC531E56F800007290C4 /* AppDelegate.m */ = {isa = PBXFileReference; lastKnownFileType = sourcecode.c.objc; path = AppDelegate.m; sourceTree = "<group>"; };
		1857DC551E56F800007290C4 /* ViewController.h */ = {isa = PBXFileReference; lastKnownFileType = sourcecode.c.h; path = ViewController.h; sourceTree = "<group>"; };
		1857DC561E56F800007290C4 /* ViewController.m */ = {isa = PBXFileReference; lastKnownFileType = sourcecode.c.objc; path = ViewController.m; sourceTree = "<group>"; };
		1857DC591E56F800007290C4 /* Base */ = {isa = PBXFileReference; lastKnownFileType = file.storyboard; name = Base; path = Base.lproj/Main.storyboard; sourceTree = "<group>"; };
		1857DC5B1E56F800007290C4 /* Assets.xcassets */ = {isa = PBXFileReference; lastKnownFileType = folder.assetcatalog; path = Assets.xcassets; sourceTree = "<group>"; };
		1857DC5E1E56F800007290C4 /* Base */ = {isa = PBXFileReference; lastKnownFileType = file.storyboard; name = Base; path = Base.lproj/LaunchScreen.storyboard; sourceTree = "<group>"; };
		1857DC601E56F800007290C4 /* Info.plist */ = {isa = PBXFileReference; lastKnownFileType = text.plist.xml; path = Info.plist; sourceTree = "<group>"; };
		1857DC671E56F89E007290C4 /* XLImageViewer.h */ = {isa = PBXFileReference; fileEncoding = 4; lastKnownFileType = sourcecode.c.h; path = XLImageViewer.h; sourceTree = "<group>"; };
		1857DC681E56F89E007290C4 /* XLImageViewer.m */ = {isa = PBXFileReference; fileEncoding = 4; lastKnownFileType = sourcecode.c.objc; path = XLImageViewer.m; sourceTree = "<group>"; };
		1857DC6A1E56F95B007290C4 /* XLImageContainer.h */ = {isa = PBXFileReference; fileEncoding = 4; lastKnownFileType = sourcecode.c.h; path = XLImageContainer.h; sourceTree = "<group>"; };
		1857DC6B1E56F95B007290C4 /* XLImageContainer.m */ = {isa = PBXFileReference; fileEncoding = 4; lastKnownFileType = sourcecode.c.objc; path = XLImageContainer.m; sourceTree = "<group>"; };
		188B4F3A1E5C384200DF4D93 /* ImageCell.h */ = {isa = PBXFileReference; fileEncoding = 4; lastKnownFileType = sourcecode.c.h; path = ImageCell.h; sourceTree = "<group>"; };
		188B4F3B1E5C384200DF4D93 /* ImageCell.m */ = {isa = PBXFileReference; fileEncoding = 4; lastKnownFileType = sourcecode.c.objc; path = ImageCell.m; sourceTree = "<group>"; };
/* End PBXFileReference section */

/* Begin PBXFrameworksBuildPhase section */
		1857DC491E56F800007290C4 /* Frameworks */ = {
			isa = PBXFrameworksBuildPhase;
			buildActionMask = 2147483647;
			files = (
			);
			runOnlyForDeploymentPostprocessing = 0;
		};
/* End PBXFrameworksBuildPhase section */

/* Begin PBXGroup section */
		182B3AE71E5EB05200F57E43 /* Class */ = {
			isa = PBXGroup;
			children = (
				182B3AE81E5EB05200F57E43 /* DemoVC */,
				182B3AE91E5EB05200F57E43 /* Tool */,
			);
			path = Class;
			sourceTree = "<group>";
		};
		182B3AE81E5EB05200F57E43 /* DemoVC */ = {
			isa = PBXGroup;
			children = (
				182B3B331E5EB09200F57E43 /* ShowNetImagesDemoVC.h */,
				182B3B341E5EB09200F57E43 /* ShowNetImagesDemoVC.m */,
				182B3B361E5EB0A200F57E43 /* ShowLocalImagesDemoVC.h */,
				182B3B371E5EB0A200F57E43 /* ShowLocalImagesDemoVC.m */,
			);
			path = DemoVC;
			sourceTree = "<group>";
		};
		182B3AE91E5EB05200F57E43 /* Tool */ = {
			isa = PBXGroup;
			children = (
				182B3AEA1E5EB05200F57E43 /* MBProgressHUD */,
				182B3AED1E5EB05200F57E43 /* SDWebImage */,
			);
			path = Tool;
			sourceTree = "<group>";
		};
		182B3AEA1E5EB05200F57E43 /* MBProgressHUD */ = {
			isa = PBXGroup;
			children = (
				182B3AEB1E5EB05200F57E43 /* MBProgressHUD.h */,
				182B3AEC1E5EB05200F57E43 /* MBProgressHUD.m */,
			);
			path = MBProgressHUD;
			sourceTree = "<group>";
		};
		182B3AED1E5EB05200F57E43 /* SDWebImage */ = {
			isa = PBXGroup;
			children = (
				182B3AEE1E5EB05200F57E43 /* FLAnimatedImage */,
				182B3AF11E5EB05200F57E43 /* MKAnnotationView+WebCache.h */,
				182B3AF21E5EB05200F57E43 /* MKAnnotationView+WebCache.m */,
				182B3AF31E5EB05200F57E43 /* NSData+ImageContentType.h */,
				182B3AF41E5EB05200F57E43 /* NSData+ImageContentType.m */,
				182B3AF51E5EB05200F57E43 /* NSImage+WebCache.h */,
				182B3AF61E5EB05200F57E43 /* NSImage+WebCache.m */,
				182B3AF71E5EB05200F57E43 /* SDImageCache.h */,
				182B3AF81E5EB05200F57E43 /* SDImageCache.m */,
				182B3AF91E5EB05200F57E43 /* SDImageCacheConfig.h */,
				182B3AFA1E5EB05200F57E43 /* SDImageCacheConfig.m */,
				182B3AFB1E5EB05200F57E43 /* SDWebImageCompat.h */,
				182B3AFC1E5EB05200F57E43 /* SDWebImageCompat.m */,
				182B3AFD1E5EB05200F57E43 /* SDWebImageDecoder.h */,
				182B3AFE1E5EB05200F57E43 /* SDWebImageDecoder.m */,
				182B3AFF1E5EB05200F57E43 /* SDWebImageDownloader.h */,
				182B3B001E5EB05200F57E43 /* SDWebImageDownloader.m */,
				182B3B011E5EB05200F57E43 /* SDWebImageDownloaderOperation.h */,
				182B3B021E5EB05200F57E43 /* SDWebImageDownloaderOperation.m */,
				182B3B031E5EB05200F57E43 /* SDWebImageManager.h */,
				182B3B041E5EB05200F57E43 /* SDWebImageManager.m */,
				182B3B051E5EB05200F57E43 /* SDWebImageOperation.h */,
				182B3B061E5EB05200F57E43 /* SDWebImagePrefetcher.h */,
				182B3B071E5EB05200F57E43 /* SDWebImagePrefetcher.m */,
				182B3B081E5EB05200F57E43 /* UIButton+WebCache.h */,
				182B3B091E5EB05200F57E43 /* UIButton+WebCache.m */,
				182B3B0A1E5EB05200F57E43 /* UIImage+GIF.h */,
				182B3B0B1E5EB05200F57E43 /* UIImage+GIF.m */,
				182B3B0C1E5EB05200F57E43 /* UIImage+MultiFormat.h */,
				182B3B0D1E5EB05200F57E43 /* UIImage+MultiFormat.m */,
				182B3B0E1E5EB05200F57E43 /* UIImage+WebP.h */,
				182B3B0F1E5EB05200F57E43 /* UIImage+WebP.m */,
				182B3B101E5EB05200F57E43 /* UIImageView+HighlightedWebCache.h */,
				182B3B111E5EB05200F57E43 /* UIImageView+HighlightedWebCache.m */,
				182B3B121E5EB05200F57E43 /* UIImageView+WebCache.h */,
				182B3B131E5EB05200F57E43 /* UIImageView+WebCache.m */,
				182B3B141E5EB05200F57E43 /* UIView+WebCache.h */,
				182B3B151E5EB05200F57E43 /* UIView+WebCache.m */,
				182B3B161E5EB05200F57E43 /* UIView+WebCacheOperation.h */,
				182B3B171E5EB05200F57E43 /* UIView+WebCacheOperation.m */,
			);
			path = SDWebImage;
			sourceTree = "<group>";
		};
		182B3AEE1E5EB05200F57E43 /* FLAnimatedImage */ = {
			isa = PBXGroup;
			children = (
				182B3AEF1E5EB05200F57E43 /* FLAnimatedImageView+WebCache.h */,
				182B3AF01E5EB05200F57E43 /* FLAnimatedImageView+WebCache.m */,
			);
			path = FLAnimatedImage;
			sourceTree = "<group>";
		};
		182B3B181E5EB05200F57E43 /* Resource */ = {
			isa = PBXGroup;
			children = (
				182B3B191E5EB05200F57E43 /* Images */,
			);
			path = Resource;
			sourceTree = "<group>";
		};
		182B3B191E5EB05200F57E43 /* Images */ = {
			isa = PBXGroup;
			children = (
				182B3B391E5EB7B400F57E43 /* ImageForView */,
				182B3B3C1E5EB7B400F57E43 /* LocalTestImages */,
			);
			path = Images;
			sourceTree = "<group>";
		};
		182B3B391E5EB7B400F57E43 /* ImageForView */ = {
			isa = PBXGroup;
			children = (
				182B3B3A1E5EB7B400F57E43 /* Checkmark@2x.png */,
				182B3B3B1E5EB7B400F57E43 /* PlaceHolder.png */,
			);
			path = ImageForView;
			sourceTree = "<group>";
		};
		182B3B3C1E5EB7B400F57E43 /* LocalTestImages */ = {
			isa = PBXGroup;
			children = (
				182B3B3D1E5EB7B400F57E43 /* 1.png */,
				182B3B3E1E5EB7B400F57E43 /* 10.png */,
				182B3B3F1E5EB7B400F57E43 /* 11.png */,
				182B3B401E5EB7B400F57E43 /* 12.png */,
				182B3B411E5EB7B400F57E43 /* 2.png */,
				182B3B421E5EB7B400F57E43 /* 3.png */,
				182B3B431E5EB7B400F57E43 /* 4.png */,
				182B3B441E5EB7B400F57E43 /* 5.png */,
				182B3B451E5EB7B400F57E43 /* 6.png */,
				182B3B461E5EB7B400F57E43 /* 7.png */,
				182B3B471E5EB7B400F57E43 /* 8.png */,
				182B3B481E5EB7B400F57E43 /* 9.png */,
			);
			path = LocalTestImages;
			sourceTree = "<group>";
		};
		1857DC431E56F800007290C4 = {
			isa = PBXGroup;
			children = (
				1857DC661E56F81F007290C4 /* XLImageViewer */,
				182B3AE71E5EB05200F57E43 /* Class */,
				182B3B181E5EB05200F57E43 /* Resource */,
				1857DC4E1E56F800007290C4 /* XLImageViewerDemo */,
				1857DC4D1E56F800007290C4 /* Products */,
			);
			sourceTree = "<group>";
		};
		1857DC4D1E56F800007290C4 /* Products */ = {
			isa = PBXGroup;
			children = (
				1857DC4C1E56F800007290C4 /* XLImageViewerDemo.app */,
			);
			name = Products;
			sourceTree = "<group>";
		};
		1857DC4E1E56F800007290C4 /* XLImageViewerDemo */ = {
			isa = PBXGroup;
			children = (
				1857DC521E56F800007290C4 /* AppDelegate.h */,
				1857DC531E56F800007290C4 /* AppDelegate.m */,
				1857DC551E56F800007290C4 /* ViewController.h */,
				1857DC561E56F800007290C4 /* ViewController.m */,
				188B4F3A1E5C384200DF4D93 /* ImageCell.h */,
				188B4F3B1E5C384200DF4D93 /* ImageCell.m */,
				1857DC581E56F800007290C4 /* Main.storyboard */,
				1857DC5B1E56F800007290C4 /* Assets.xcassets */,
				1857DC5D1E56F800007290C4 /* LaunchScreen.storyboard */,
				1857DC601E56F800007290C4 /* Info.plist */,
				1857DC4F1E56F800007290C4 /* Supporting Files */,
			);
			path = XLImageViewerDemo;
			sourceTree = "<group>";
		};
		1857DC4F1E56F800007290C4 /* Supporting Files */ = {
			isa = PBXGroup;
			children = (
				1857DC501E56F800007290C4 /* main.m */,
			);
			name = "Supporting Files";
			sourceTree = "<group>";
		};
		1857DC661E56F81F007290C4 /* XLImageViewer */ = {
			isa = PBXGroup;
			children = (
				1857DC671E56F89E007290C4 /* XLImageViewer.h */,
				1857DC681E56F89E007290C4 /* XLImageViewer.m */,
				1857DC6A1E56F95B007290C4 /* XLImageContainer.h */,
				1857DC6B1E56F95B007290C4 /* XLImageContainer.m */,
			);
			path = XLImageViewer;
			sourceTree = "<group>";
		};
/* End PBXGroup section */

/* Begin PBXNativeTarget section */
		1857DC4B1E56F800007290C4 /* XLImageViewerDemo */ = {
			isa = PBXNativeTarget;
			buildConfigurationList = 1857DC631E56F800007290C4 /* Build configuration list for PBXNativeTarget "XLImageViewerDemo" */;
			buildPhases = (
				1857DC481E56F800007290C4 /* Sources */,
				1857DC491E56F800007290C4 /* Frameworks */,
				1857DC4A1E56F800007290C4 /* Resources */,
			);
			buildRules = (
			);
			dependencies = (
			);
			name = XLImageViewerDemo;
			productName = XLImageViewerDemo;
			productReference = 1857DC4C1E56F800007290C4 /* XLImageViewerDemo.app */;
			productType = "com.apple.product-type.application";
		};
/* End PBXNativeTarget section */

/* Begin PBXProject section */
		1857DC441E56F800007290C4 /* Project object */ = {
			isa = PBXProject;
			attributes = {
				LastUpgradeCheck = 0820;
				ORGANIZATIONNAME = Apple;
				TargetAttributes = {
					1857DC4B1E56F800007290C4 = {
						CreatedOnToolsVersion = 8.2.1;
						DevelopmentTeam = C78VF44FUP;
						ProvisioningStyle = Manual;
					};
				};
			};
			buildConfigurationList = 1857DC471E56F800007290C4 /* Build configuration list for PBXProject "XLImageViewerDemo" */;
			compatibilityVersion = "Xcode 3.2";
			developmentRegion = English;
			hasScannedForEncodings = 0;
			knownRegions = (
				en,
				Base,
			);
			mainGroup = 1857DC431E56F800007290C4;
			productRefGroup = 1857DC4D1E56F800007290C4 /* Products */;
			projectDirPath = "";
			projectRoot = "";
			targets = (
				1857DC4B1E56F800007290C4 /* XLImageViewerDemo */,
			);
		};
/* End PBXProject section */

/* Begin PBXResourcesBuildPhase section */
		1857DC4A1E56F800007290C4 /* Resources */ = {
			isa = PBXResourcesBuildPhase;
			buildActionMask = 2147483647;
			files = (
				182B3B551E5EB7B400F57E43 /* 8.png in Resources */,
				182B3B531E5EB7B400F57E43 /* 6.png in Resources */,
				182B3B511E5EB7B400F57E43 /* 4.png in Resources */,
				182B3B501E5EB7B400F57E43 /* 3.png in Resources */,
				1857DC5F1E56F800007290C4 /* LaunchScreen.storyboard in Resources */,
				182B3B4C1E5EB7B400F57E43 /* 10.png in Resources */,
				182B3B4F1E5EB7B400F57E43 /* 2.png in Resources */,
				1857DC5C1E56F800007290C4 /* Assets.xcassets in Resources */,
				182B3B4E1E5EB7B400F57E43 /* 12.png in Resources */,
				182B3B561E5EB7B400F57E43 /* 9.png in Resources */,
				182B3B4D1E5EB7B400F57E43 /* 11.png in Resources */,
				182B3B491E5EB7B400F57E43 /* Checkmark@2x.png in Resources */,
				182B3B4B1E5EB7B400F57E43 /* 1.png in Resources */,
				182B3B4A1E5EB7B400F57E43 /* PlaceHolder.png in Resources */,
				182B3B541E5EB7B400F57E43 /* 7.png in Resources */,
				182B3B521E5EB7B400F57E43 /* 5.png in Resources */,
				1857DC5A1E56F800007290C4 /* Main.storyboard in Resources */,
			);
			runOnlyForDeploymentPostprocessing = 0;
		};
/* End PBXResourcesBuildPhase section */

/* Begin PBXSourcesBuildPhase section */
		1857DC481E56F800007290C4 /* Sources */ = {
			isa = PBXSourcesBuildPhase;
			buildActionMask = 2147483647;
			files = (
				182B3B1F1E5EB05200F57E43 /* NSData+ImageContentType.m in Sources */,
				1857DC571E56F800007290C4 /* ViewController.m in Sources */,
				182B3B1D1E5EB05200F57E43 /* FLAnimatedImageView+WebCache.m in Sources */,
				182B3B281E5EB05200F57E43 /* SDWebImagePrefetcher.m in Sources */,
				182B3B271E5EB05200F57E43 /* SDWebImageManager.m in Sources */,
				188B4F3C1E5C384200DF4D93 /* ImageCell.m in Sources */,
				182B3B381E5EB0A200F57E43 /* ShowLocalImagesDemoVC.m in Sources */,
				182B3B201E5EB05200F57E43 /* NSImage+WebCache.m in Sources */,
				182B3B2E1E5EB05200F57E43 /* UIImageView+WebCache.m in Sources */,
				182B3B351E5EB09200F57E43 /* ShowNetImagesDemoVC.m in Sources */,
				182B3B231E5EB05200F57E43 /* SDWebImageCompat.m in Sources */,
				1857DC541E56F800007290C4 /* AppDelegate.m in Sources */,
				182B3B241E5EB05200F57E43 /* SDWebImageDecoder.m in Sources */,
				182B3B2B1E5EB05200F57E43 /* UIImage+MultiFormat.m in Sources */,
				182B3B2C1E5EB05200F57E43 /* UIImage+WebP.m in Sources */,
				182B3B261E5EB05200F57E43 /* SDWebImageDownloaderOperation.m in Sources */,
				182B3B251E5EB05200F57E43 /* SDWebImageDownloader.m in Sources */,
				182B3B2A1E5EB05200F57E43 /* UIImage+GIF.m in Sources */,
				182B3B301E5EB05200F57E43 /* UIView+WebCacheOperation.m in Sources */,
				182B3B2F1E5EB05200F57E43 /* UIView+WebCache.m in Sources */,
				1857DC511E56F800007290C4 /* main.m in Sources */,
				182B3B211E5EB05200F57E43 /* SDImageCache.m in Sources */,
				1857DC691E56F89E007290C4 /* XLImageViewer.m in Sources */,
				182B3B2D1E5EB05200F57E43 /* UIImageView+HighlightedWebCache.m in Sources */,
				1857DC6C1E56F95B007290C4 /* XLImageContainer.m in Sources */,
				182B3B1C1E5EB05200F57E43 /* MBProgressHUD.m in Sources */,
				182B3B291E5EB05200F57E43 /* UIButton+WebCache.m in Sources */,
				182B3B1E1E5EB05200F57E43 /* MKAnnotationView+WebCache.m in Sources */,
				182B3B221E5EB05200F57E43 /* SDImageCacheConfig.m in Sources */,
			);
			runOnlyForDeploymentPostprocessing = 0;
		};
/* End PBXSourcesBuildPhase section */

/* Begin PBXVariantGroup section */
		1857DC581E56F800007290C4 /* Main.storyboard */ = {
			isa = PBXVariantGroup;
			children = (
				1857DC591E56F800007290C4 /* Base */,
			);
			name = Main.storyboard;
			sourceTree = "<group>";
		};
		1857DC5D1E56F800007290C4 /* LaunchScreen.storyboard */ = {
			isa = PBXVariantGroup;
			children = (
				1857DC5E1E56F800007290C4 /* Base */,
			);
			name = LaunchScreen.storyboard;
			sourceTree = "<group>";
		};
/* End PBXVariantGroup section */

/* Begin XCBuildConfiguration section */
		1857DC611E56F800007290C4 /* Debug */ = {
			isa = XCBuildConfiguration;
			buildSettings = {
				ALWAYS_SEARCH_USER_PATHS = NO;
				CLANG_ANALYZER_NONNULL = YES;
				CLANG_CXX_LANGUAGE_STANDARD = "gnu++0x";
				CLANG_CXX_LIBRARY = "libc++";
				CLANG_ENABLE_MODULES = YES;
				CLANG_ENABLE_OBJC_ARC = YES;
				CLANG_WARN_BOOL_CONVERSION = YES;
				CLANG_WARN_CONSTANT_CONVERSION = YES;
				CLANG_WARN_DIRECT_OBJC_ISA_USAGE = YES_ERROR;
				CLANG_WARN_DOCUMENTATION_COMMENTS = YES;
				CLANG_WARN_EMPTY_BODY = YES;
				CLANG_WARN_ENUM_CONVERSION = YES;
				CLANG_WARN_INFINITE_RECURSION = YES;
				CLANG_WARN_INT_CONVERSION = YES;
				CLANG_WARN_OBJC_ROOT_CLASS = YES_ERROR;
				CLANG_WARN_SUSPICIOUS_MOVE = YES;
				CLANG_WARN_UNREACHABLE_CODE = YES;
				CLANG_WARN__DUPLICATE_METHOD_MATCH = YES;
				CODE_SIGN_IDENTITY = "iPhone Developer: CHEN LI (L89D9YKKEN)";
				COPY_PHASE_STRIP = NO;
				DEBUG_INFORMATION_FORMAT = dwarf;
				DEVELOPMENT_TEAM = C78VF44FUP;
				ENABLE_STRICT_OBJC_MSGSEND = YES;
				ENABLE_TESTABILITY = YES;
				GCC_C_LANGUAGE_STANDARD = gnu99;
				GCC_DYNAMIC_NO_PIC = NO;
				GCC_NO_COMMON_BLOCKS = YES;
				GCC_OPTIMIZATION_LEVEL = 0;
				GCC_PREPROCESSOR_DEFINITIONS = (
					"DEBUG=1",
					"$(inherited)",
				);
				GCC_WARN_64_TO_32_BIT_CONVERSION = YES;
				GCC_WARN_ABOUT_RETURN_TYPE = YES_ERROR;
				GCC_WARN_UNDECLARED_SELECTOR = YES;
				GCC_WARN_UNINITIALIZED_AUTOS = YES_AGGRESSIVE;
				GCC_WARN_UNUSED_FUNCTION = YES;
				GCC_WARN_UNUSED_VARIABLE = YES;
				IPHONEOS_DEPLOYMENT_TARGET = 10.2;
				MTL_ENABLE_DEBUG_INFO = YES;
				ONLY_ACTIVE_ARCH = YES;
				PROVISIONING_PROFILE = "9a9be4f3-a52e-4d66-8e67-278810727f54";
				SDKROOT = iphoneos;
			};
			name = Debug;
		};
		1857DC621E56F800007290C4 /* Release */ = {
			isa = XCBuildConfiguration;
			buildSettings = {
				ALWAYS_SEARCH_USER_PATHS = NO;
				CLANG_ANALYZER_NONNULL = YES;
				CLANG_CXX_LANGUAGE_STANDARD = "gnu++0x";
				CLANG_CXX_LIBRARY = "libc++";
				CLANG_ENABLE_MODULES = YES;
				CLANG_ENABLE_OBJC_ARC = YES;
				CLANG_WARN_BOOL_CONVERSION = YES;
				CLANG_WARN_CONSTANT_CONVERSION = YES;
				CLANG_WARN_DIRECT_OBJC_ISA_USAGE = YES_ERROR;
				CLANG_WARN_DOCUMENTATION_COMMENTS = YES;
				CLANG_WARN_EMPTY_BODY = YES;
				CLANG_WARN_ENUM_CONVERSION = YES;
				CLANG_WARN_INFINITE_RECURSION = YES;
				CLANG_WARN_INT_CONVERSION = YES;
				CLANG_WARN_OBJC_ROOT_CLASS = YES_ERROR;
				CLANG_WARN_SUSPICIOUS_MOVE = YES;
				CLANG_WARN_UNREACHABLE_CODE = YES;
				CLANG_WARN__DUPLICATE_METHOD_MATCH = YES;
				CODE_SIGN_IDENTITY = "iPhone Developer: CHEN LI (L89D9YKKEN)";
				COPY_PHASE_STRIP = NO;
				DEBUG_INFORMATION_FORMAT = "dwarf-with-dsym";
				DEVELOPMENT_TEAM = C78VF44FUP;
				ENABLE_NS_ASSERTIONS = NO;
				ENABLE_STRICT_OBJC_MSGSEND = YES;
				GCC_C_LANGUAGE_STANDARD = gnu99;
				GCC_NO_COMMON_BLOCKS = YES;
				GCC_WARN_64_TO_32_BIT_CONVERSION = YES;
				GCC_WARN_ABOUT_RETURN_TYPE = YES_ERROR;
				GCC_WARN_UNDECLARED_SELECTOR = YES;
				GCC_WARN_UNINITIALIZED_AUTOS = YES_AGGRESSIVE;
				GCC_WARN_UNUSED_FUNCTION = YES;
				GCC_WARN_UNUSED_VARIABLE = YES;
				IPHONEOS_DEPLOYMENT_TARGET = 10.2;
				MTL_ENABLE_DEBUG_INFO = NO;
				PROVISIONING_PROFILE = "9a9be4f3-a52e-4d66-8e67-278810727f54";
				SDKROOT = iphoneos;
				VALIDATE_PRODUCT = YES;
			};
			name = Release;
		};
		1857DC641E56F800007290C4 /* Debug */ = {
			isa = XCBuildConfiguration;
			buildSettings = {
				ASSETCATALOG_COMPILER_APPICON_NAME = AppIcon;
				CODE_SIGN_IDENTITY = "iPhone Developer: CHEN LI (L89D9YKKEN)";
				DEVELOPMENT_TEAM = C78VF44FUP;
				INFOPLIST_FILE = XLImageViewerDemo/Info.plist;
				IPHONEOS_DEPLOYMENT_TARGET = 8.0;
				LD_RUNPATH_SEARCH_PATHS = "$(inherited) @executable_path/Frameworks";
				PRODUCT_BUNDLE_IDENTIFIER = com.jwzt.XLImageViewerDemo;
				PRODUCT_NAME = "$(TARGET_NAME)";
				PROVISIONING_PROFILE = "9a9be4f3-a52e-4d66-8e67-278810727f54";
				PROVISIONING_PROFILE_SPECIFIER = "";
			};
			name = Debug;
		};
		1857DC651E56F800007290C4 /* Release */ = {
			isa = XCBuildConfiguration;
			buildSettings = {
				ASSETCATALOG_COMPILER_APPICON_NAME = AppIcon;
				CODE_SIGN_IDENTITY = "iPhone Developer: CHEN LI (L89D9YKKEN)";
				DEVELOPMENT_TEAM = C78VF44FUP;
				INFOPLIST_FILE = XLImageViewerDemo/Info.plist;
				IPHONEOS_DEPLOYMENT_TARGET = 8.0;
				LD_RUNPATH_SEARCH_PATHS = "$(inherited) @executable_path/Frameworks";
				PRODUCT_BUNDLE_IDENTIFIER = com.jwzt.XLImageViewerDemo;
				PRODUCT_NAME = "$(TARGET_NAME)";
				PROVISIONING_PROFILE = "9a9be4f3-a52e-4d66-8e67-278810727f54";
				PROVISIONING_PROFILE_SPECIFIER = "";
			};
			name = Release;
		};
/* End XCBuildConfiguration section */

/* Begin XCConfigurationList section */
		1857DC471E56F800007290C4 /* Build configuration list for PBXProject "XLImageViewerDemo" */ = {
			isa = XCConfigurationList;
			buildConfigurations = (
				1857DC611E56F800007290C4 /* Debug */,
				1857DC621E56F800007290C4 /* Release */,
			);
			defaultConfigurationIsVisible = 0;
			defaultConfigurationName = Release;
		};
		1857DC631E56F800007290C4 /* Build configuration list for PBXNativeTarget "XLImageViewerDemo" */ = {
			isa = XCConfigurationList;
			buildConfigurations = (
				1857DC641E56F800007290C4 /* Debug */,
				1857DC651E56F800007290C4 /* Release */,
			);
			defaultConfigurationIsVisible = 0;
			defaultConfigurationName = Release;
		};
/* End XCConfigurationList section */
	};
	rootObject = 1857DC441E56F800007290C4 /* Project object */;
}
